// !$*UTF8*$!
{
	archiveVersion = 1;
	classes = {
	};
	objectVersion = 50;
	objects = {

/* Begin PBXBuildFile section */
		7261CB3E26B8A0F000A8E944 /* AppDelegate.swift in Sources */ = {isa = PBXBuildFile; fileRef = 7261CB3D26B8A0F000A8E944 /* AppDelegate.swift */; };
		7261CB4726B8A0F400A8E944 /* Assets.xcassets in Resources */ = {isa = PBXBuildFile; fileRef = 7261CB4626B8A0F400A8E944 /* Assets.xcassets */; };
		7261CB4A26B8A0F400A8E944 /* LaunchScreen.storyboard in Resources */ = {isa = PBXBuildFile; fileRef = 7261CB4826B8A0F400A8E944 /* LaunchScreen.storyboard */; };
		7261CB5526B8A0F500A8E944 /* Mobile_AppTests.swift in Sources */ = {isa = PBXBuildFile; fileRef = 7261CB5426B8A0F500A8E944 /* Mobile_AppTests.swift */; };
		7261CB6026B8A0F500A8E944 /* Mobile_AppUITests.swift in Sources */ = {isa = PBXBuildFile; fileRef = 7261CB5F26B8A0F500A8E944 /* Mobile_AppUITests.swift */; };
		7261CB7A26B96E0100A8E944 /* Home.storyboard in Resources */ = {isa = PBXBuildFile; fileRef = 7261CB7926B96E0100A8E944 /* Home.storyboard */; };
		7261CB8126B96E2900A8E944 /* Detail.storyboard in Resources */ = {isa = PBXBuildFile; fileRef = 7261CB8026B96E2900A8E944 /* Detail.storyboard */; };
		7261CB8626B96FA800A8E944 /* HomeViewController.swift in Sources */ = {isa = PBXBuildFile; fileRef = 7261CB8526B96FA800A8E944 /* HomeViewController.swift */; };
		7261CB8C26B9701100A8E944 /* LocationAPI.swift in Sources */ = {isa = PBXBuildFile; fileRef = 7261CB8B26B9701100A8E944 /* LocationAPI.swift */; };
		7261CB9226B9704900A8E944 /* LocationModel.swift in Sources */ = {isa = PBXBuildFile; fileRef = 7261CB9126B9704900A8E944 /* LocationModel.swift */; };
		7261CB9726B9708800A8E944 /* LocationDetailsModel.swift in Sources */ = {isa = PBXBuildFile; fileRef = 7261CB9626B9708800A8E944 /* LocationDetailsModel.swift */; };
		7261CBA826B996AD00A8E944 /* SchedulesModel.swift in Sources */ = {isa = PBXBuildFile; fileRef = 7261CBA726B996AD00A8E944 /* SchedulesModel.swift */; };
		7261CBAD26B9974400A8E944 /* ScheduleModel.swift in Sources */ = {isa = PBXBuildFile; fileRef = 7261CBAC26B9974400A8E944 /* ScheduleModel.swift */; };
		72680AB426BAD1DD00445062 /* HomeViewModel.swift in Sources */ = {isa = PBXBuildFile; fileRef = 72680AB326BAD1DD00445062 /* HomeViewModel.swift */; };
		72680ABC26BAD4D900445062 /* HomeCollectionViewLayout.swift in Sources */ = {isa = PBXBuildFile; fileRef = 72680ABB26BAD4D900445062 /* HomeCollectionViewLayout.swift */; };
		72680AC926BAE23B00445062 /* LocationCell.swift in Sources */ = {isa = PBXBuildFile; fileRef = 72680AC826BAE23B00445062 /* LocationCell.swift */; };
		72680AD526BAE2B300445062 /* LocationCell.xib in Resources */ = {isa = PBXBuildFile; fileRef = 72680AD426BAE2B200445062 /* LocationCell.xib */; };
		72680ADF26BB688E00445062 /* TitleCell.swift in Sources */ = {isa = PBXBuildFile; fileRef = 72680ADE26BB688D00445062 /* TitleCell.swift */; };
		72680AE826BC28E500445062 /* TitleCell.xib in Resources */ = {isa = PBXBuildFile; fileRef = 72680AE726BC28E500445062 /* TitleCell.xib */; };
		72680AF126BC3B9800445062 /* UIImage+Color.swift in Sources */ = {isa = PBXBuildFile; fileRef = 72680AF026BC3B9800445062 /* UIImage+Color.swift */; };
		72680B1C26BC5A7100445062 /* DetailViewModel.swift in Sources */ = {isa = PBXBuildFile; fileRef = 72680B1B26BC5A7100445062 /* DetailViewModel.swift */; };
		72680B2C26BC612B00445062 /* DetailViewController.swift in Sources */ = {isa = PBXBuildFile; fileRef = 72680B2B26BC612B00445062 /* DetailViewController.swift */; };
		72680B5326BC952300445062 /* OpenSans-BoldItalic.ttf in Resources */ = {isa = PBXBuildFile; fileRef = 72680B4926BC952100445062 /* OpenSans-BoldItalic.ttf */; };
		72680B5426BC952300445062 /* OpenSans-Italic.ttf in Resources */ = {isa = PBXBuildFile; fileRef = 72680B4A26BC952100445062 /* OpenSans-Italic.ttf */; };
		72680B5526BC952300445062 /* OpenSans-SemiBoldItalic.ttf in Resources */ = {isa = PBXBuildFile; fileRef = 72680B4B26BC952200445062 /* OpenSans-SemiBoldItalic.ttf */; };
		72680B5626BC952300445062 /* OpenSans-Bold.ttf in Resources */ = {isa = PBXBuildFile; fileRef = 72680B4C26BC952200445062 /* OpenSans-Bold.ttf */; };
		72680B5726BC952300445062 /* OpenSans-ExtraBoldItalic.ttf in Resources */ = {isa = PBXBuildFile; fileRef = 72680B4D26BC952200445062 /* OpenSans-ExtraBoldItalic.ttf */; };
		72680B5826BC952300445062 /* OpenSans-ExtraBold.ttf in Resources */ = {isa = PBXBuildFile; fileRef = 72680B4E26BC952200445062 /* OpenSans-ExtraBold.ttf */; };
		72680B5926BC952300445062 /* OpenSans-LightItalic.ttf in Resources */ = {isa = PBXBuildFile; fileRef = 72680B4F26BC952200445062 /* OpenSans-LightItalic.ttf */; };
		72680B5A26BC952300445062 /* OpenSans-Light.ttf in Resources */ = {isa = PBXBuildFile; fileRef = 72680B5026BC952300445062 /* OpenSans-Light.ttf */; };
		72680B5B26BC952300445062 /* OpenSans-Regular.ttf in Resources */ = {isa = PBXBuildFile; fileRef = 72680B5126BC952300445062 /* OpenSans-Regular.ttf */; };
		72680B5C26BC952300445062 /* OpenSans-SemiBold.ttf in Resources */ = {isa = PBXBuildFile; fileRef = 72680B5226BC952300445062 /* OpenSans-SemiBold.ttf */; };
		72680B6226BC971D00445062 /* StarScoreView.xib in Resources */ = {isa = PBXBuildFile; fileRef = 72680B6126BC971D00445062 /* StarScoreView.xib */; };
		72680B6A26BC973F00445062 /* StarScoreView.swift in Sources */ = {isa = PBXBuildFile; fileRef = 72680B6926BC973F00445062 /* StarScoreView.swift */; };
		7282723C26BED8A30025304B /* ImageDownloader.swift in Sources */ = {isa = PBXBuildFile; fileRef = 7282723B26BED8A30025304B /* ImageDownloader.swift */; };
		7282724426BEE99E0025304B /* Main.storyboard in Resources */ = {isa = PBXBuildFile; fileRef = 7282724326BEE99E0025304B /* Main.storyboard */; };
		7282725826BEF9B20025304B /* MainViewController.swift in Sources */ = {isa = PBXBuildFile; fileRef = 7282725726BEF9B20025304B /* MainViewController.swift */; };
		7282726726BF415F0025304B /* CoverCell.xib in Resources */ = {isa = PBXBuildFile; fileRef = 7282726626BF415F0025304B /* CoverCell.xib */; };
		7282727226BF47A00025304B /* UIImage+FromLayer.swift in Sources */ = {isa = PBXBuildFile; fileRef = 7282727126BF47A00025304B /* UIImage+FromLayer.swift */; };
		7282727A26BF4F910025304B /* CoverCell.swift in Sources */ = {isa = PBXBuildFile; fileRef = 7282727926BF4F910025304B /* CoverCell.swift */; };
		7282728326C01A4E0025304B /* PhotosCell.xib in Resources */ = {isa = PBXBuildFile; fileRef = 7282728226C01A4E0025304B /* PhotosCell.xib */; };
		7282728826C01A5C0025304B /* PhotosCell.swift in Sources */ = {isa = PBXBuildFile; fileRef = 7282728726C01A5C0025304B /* PhotosCell.swift */; };
		7282728D26C01AA20025304B /* AboutCell.swift in Sources */ = {isa = PBXBuildFile; fileRef = 7282728C26C01AA20025304B /* AboutCell.swift */; };
		7282729226C01ABA0025304B /* AboutCell.xib in Resources */ = {isa = PBXBuildFile; fileRef = 7282729126C01ABA0025304B /* AboutCell.xib */; };
		7282729726C01AEF0025304B /* ReviewsCell.xib in Resources */ = {isa = PBXBuildFile; fileRef = 7282729626C01AEF0025304B /* ReviewsCell.xib */; };
		7282729C26C01B190025304B /* ReviewsCell.swift in Sources */ = {isa = PBXBuildFile; fileRef = 7282729B26C01B190025304B /* ReviewsCell.swift */; };
		728272A126C01B4D0025304B /* MoreCell.swift in Sources */ = {isa = PBXBuildFile; fileRef = 728272A026C01B4D0025304B /* MoreCell.swift */; };
		728272A626C01B720025304B /* MoreCell.xib in Resources */ = {isa = PBXBuildFile; fileRef = 728272A526C01B720025304B /* MoreCell.xib */; };
		728272AF26C03EF80025304B /* BigStarScoreView.swift in Sources */ = {isa = PBXBuildFile; fileRef = 728272AE26C03EF80025304B /* BigStarScoreView.swift */; };
		728272B426C03F120025304B /* BigStarScoreView.xib in Resources */ = {isa = PBXBuildFile; fileRef = 728272B326C03F120025304B /* BigStarScoreView.xib */; };
		72B7101E26C089B6002A4F09 /* PhotoCell.xib in Resources */ = {isa = PBXBuildFile; fileRef = 72B7101D26C089B6002A4F09 /* PhotoCell.xib */; };
		72B7102326C089F4002A4F09 /* PhotoCell.swift in Sources */ = {isa = PBXBuildFile; fileRef = 72B7102226C089F4002A4F09 /* PhotoCell.swift */; };
		72B7102926C0AC7E002A4F09 /* ScheduleCell.swift in Sources */ = {isa = PBXBuildFile; fileRef = 72B7102826C0AC7E002A4F09 /* ScheduleCell.swift */; };
		72B7103226C0ACAA002A4F09 /* PhoneCell.swift in Sources */ = {isa = PBXBuildFile; fileRef = 72B7103126C0ACAA002A4F09 /* PhoneCell.swift */; };
		72B7103B26C0ACC9002A4F09 /* AddressCell.swift in Sources */ = {isa = PBXBuildFile; fileRef = 72B7103A26C0ACC9002A4F09 /* AddressCell.swift */; };
		72B7104626C0AD1E002A4F09 /* ScheduleCell.xib in Resources */ = {isa = PBXBuildFile; fileRef = 72B7104526C0AD1E002A4F09 /* ScheduleCell.xib */; };
		72B7104B26C0ADA5002A4F09 /* PhoneCell.xib in Resources */ = {isa = PBXBuildFile; fileRef = 72B7104A26C0ADA5002A4F09 /* PhoneCell.xib */; };
		72B7105026C0ADC3002A4F09 /* AddressCell.xib in Resources */ = {isa = PBXBuildFile; fileRef = 72B7104F26C0ADC3002A4F09 /* AddressCell.xib */; };
		72B7105426C0B82C002A4F09 /* Localizable.strings in Resources */ = {isa = PBXBuildFile; fileRef = 72B7105626C0B82C002A4F09 /* Localizable.strings */; };
		72B7105F26C0BE3B002A4F09 /* Weekday.swift in Sources */ = {isa = PBXBuildFile; fileRef = 72B7105E26C0BE3B002A4F09 /* Weekday.swift */; };
/* End PBXBuildFile section */

/* Begin PBXContainerItemProxy section */
		7261CB5126B8A0F500A8E944 /* PBXContainerItemProxy */ = {
			isa = PBXContainerItemProxy;
			containerPortal = 7261CB3226B8A0F000A8E944 /* Project object */;
			proxyType = 1;
			remoteGlobalIDString = 7261CB3926B8A0F000A8E944;
			remoteInfo = "Mobile App";
		};
		7261CB5C26B8A0F500A8E944 /* PBXContainerItemProxy */ = {
			isa = PBXContainerItemProxy;
			containerPortal = 7261CB3226B8A0F000A8E944 /* Project object */;
			proxyType = 1;
			remoteGlobalIDString = 7261CB3926B8A0F000A8E944;
			remoteInfo = "Mobile App";
		};
/* End PBXContainerItemProxy section */

/* Begin PBXFileReference section */
		7261CB3A26B8A0F000A8E944 /* Mobile App.app */ = {isa = PBXFileReference; explicitFileType = wrapper.application; includeInIndex = 0; path = "Mobile App.app"; sourceTree = BUILT_PRODUCTS_DIR; };
		7261CB3D26B8A0F000A8E944 /* AppDelegate.swift */ = {isa = PBXFileReference; lastKnownFileType = sourcecode.swift; path = AppDelegate.swift; sourceTree = "<group>"; };
		7261CB4626B8A0F400A8E944 /* Assets.xcassets */ = {isa = PBXFileReference; lastKnownFileType = folder.assetcatalog; path = Assets.xcassets; sourceTree = "<group>"; };
		7261CB4926B8A0F400A8E944 /* Base */ = {isa = PBXFileReference; lastKnownFileType = file.storyboard; name = Base; path = Base.lproj/LaunchScreen.storyboard; sourceTree = "<group>"; };
		7261CB4B26B8A0F400A8E944 /* Info.plist */ = {isa = PBXFileReference; lastKnownFileType = text.plist.xml; path = Info.plist; sourceTree = "<group>"; };
		7261CB5026B8A0F500A8E944 /* Mobile AppTests.xctest */ = {isa = PBXFileReference; explicitFileType = wrapper.cfbundle; includeInIndex = 0; path = "Mobile AppTests.xctest"; sourceTree = BUILT_PRODUCTS_DIR; };
		7261CB5426B8A0F500A8E944 /* Mobile_AppTests.swift */ = {isa = PBXFileReference; lastKnownFileType = sourcecode.swift; path = Mobile_AppTests.swift; sourceTree = "<group>"; };
		7261CB5626B8A0F500A8E944 /* Info.plist */ = {isa = PBXFileReference; lastKnownFileType = text.plist.xml; path = Info.plist; sourceTree = "<group>"; };
		7261CB5B26B8A0F500A8E944 /* Mobile AppUITests.xctest */ = {isa = PBXFileReference; explicitFileType = wrapper.cfbundle; includeInIndex = 0; path = "Mobile AppUITests.xctest"; sourceTree = BUILT_PRODUCTS_DIR; };
		7261CB5F26B8A0F500A8E944 /* Mobile_AppUITests.swift */ = {isa = PBXFileReference; lastKnownFileType = sourcecode.swift; path = Mobile_AppUITests.swift; sourceTree = "<group>"; };
		7261CB6126B8A0F500A8E944 /* Info.plist */ = {isa = PBXFileReference; lastKnownFileType = text.plist.xml; path = Info.plist; sourceTree = "<group>"; };
		7261CB7926B96E0100A8E944 /* Home.storyboard */ = {isa = PBXFileReference; lastKnownFileType = file.storyboard; path = Home.storyboard; sourceTree = "<group>"; };
		7261CB8026B96E2900A8E944 /* Detail.storyboard */ = {isa = PBXFileReference; lastKnownFileType = file.storyboard; path = Detail.storyboard; sourceTree = "<group>"; };
		7261CB8526B96FA800A8E944 /* HomeViewController.swift */ = {isa = PBXFileReference; lastKnownFileType = sourcecode.swift; path = HomeViewController.swift; sourceTree = "<group>"; };
		7261CB8B26B9701100A8E944 /* LocationAPI.swift */ = {isa = PBXFileReference; lastKnownFileType = sourcecode.swift; path = LocationAPI.swift; sourceTree = "<group>"; };
		7261CB9126B9704900A8E944 /* LocationModel.swift */ = {isa = PBXFileReference; lastKnownFileType = sourcecode.swift; path = LocationModel.swift; sourceTree = "<group>"; };
		7261CB9626B9708800A8E944 /* LocationDetailsModel.swift */ = {isa = PBXFileReference; lastKnownFileType = sourcecode.swift; path = LocationDetailsModel.swift; sourceTree = "<group>"; };
		7261CBA726B996AD00A8E944 /* SchedulesModel.swift */ = {isa = PBXFileReference; lastKnownFileType = sourcecode.swift; path = SchedulesModel.swift; sourceTree = "<group>"; };
		7261CBAC26B9974400A8E944 /* ScheduleModel.swift */ = {isa = PBXFileReference; lastKnownFileType = sourcecode.swift; path = ScheduleModel.swift; sourceTree = "<group>"; };
		72680AB326BAD1DD00445062 /* HomeViewModel.swift */ = {isa = PBXFileReference; lastKnownFileType = sourcecode.swift; path = HomeViewModel.swift; sourceTree = "<group>"; };
		72680ABB26BAD4D900445062 /* HomeCollectionViewLayout.swift */ = {isa = PBXFileReference; lastKnownFileType = sourcecode.swift; path = HomeCollectionViewLayout.swift; sourceTree = "<group>"; };
		72680AC826BAE23B00445062 /* LocationCell.swift */ = {isa = PBXFileReference; lastKnownFileType = sourcecode.swift; path = LocationCell.swift; sourceTree = "<group>"; };
		72680AD426BAE2B200445062 /* LocationCell.xib */ = {isa = PBXFileReference; lastKnownFileType = file.xib; path = LocationCell.xib; sourceTree = "<group>"; };
		72680ADE26BB688D00445062 /* TitleCell.swift */ = {isa = PBXFileReference; lastKnownFileType = sourcecode.swift; path = TitleCell.swift; sourceTree = "<group>"; };
		72680AE726BC28E500445062 /* TitleCell.xib */ = {isa = PBXFileReference; lastKnownFileType = file.xib; path = TitleCell.xib; sourceTree = "<group>"; };
		72680AF026BC3B9800445062 /* UIImage+Color.swift */ = {isa = PBXFileReference; lastKnownFileType = sourcecode.swift; path = "UIImage+Color.swift"; sourceTree = "<group>"; };
		72680B1B26BC5A7100445062 /* DetailViewModel.swift */ = {isa = PBXFileReference; lastKnownFileType = sourcecode.swift; path = DetailViewModel.swift; sourceTree = "<group>"; };
		72680B2B26BC612B00445062 /* DetailViewController.swift */ = {isa = PBXFileReference; fileEncoding = 4; lastKnownFileType = sourcecode.swift; path = DetailViewController.swift; sourceTree = "<group>"; };
		72680B4926BC952100445062 /* OpenSans-BoldItalic.ttf */ = {isa = PBXFileReference; lastKnownFileType = file; path = "OpenSans-BoldItalic.ttf"; sourceTree = "<group>"; };
		72680B4A26BC952100445062 /* OpenSans-Italic.ttf */ = {isa = PBXFileReference; lastKnownFileType = file; path = "OpenSans-Italic.ttf"; sourceTree = "<group>"; };
		72680B4B26BC952200445062 /* OpenSans-SemiBoldItalic.ttf */ = {isa = PBXFileReference; lastKnownFileType = file; path = "OpenSans-SemiBoldItalic.ttf"; sourceTree = "<group>"; };
		72680B4C26BC952200445062 /* OpenSans-Bold.ttf */ = {isa = PBXFileReference; lastKnownFileType = file; path = "OpenSans-Bold.ttf"; sourceTree = "<group>"; };
		72680B4D26BC952200445062 /* OpenSans-ExtraBoldItalic.ttf */ = {isa = PBXFileReference; lastKnownFileType = file; path = "OpenSans-ExtraBoldItalic.ttf"; sourceTree = "<group>"; };
		72680B4E26BC952200445062 /* OpenSans-ExtraBold.ttf */ = {isa = PBXFileReference; lastKnownFileType = file; path = "OpenSans-ExtraBold.ttf"; sourceTree = "<group>"; };
		72680B4F26BC952200445062 /* OpenSans-LightItalic.ttf */ = {isa = PBXFileReference; lastKnownFileType = file; path = "OpenSans-LightItalic.ttf"; sourceTree = "<group>"; };
		72680B5026BC952300445062 /* OpenSans-Light.ttf */ = {isa = PBXFileReference; lastKnownFileType = file; path = "OpenSans-Light.ttf"; sourceTree = "<group>"; };
		72680B5126BC952300445062 /* OpenSans-Regular.ttf */ = {isa = PBXFileReference; lastKnownFileType = file; path = "OpenSans-Regular.ttf"; sourceTree = "<group>"; };
		72680B5226BC952300445062 /* OpenSans-SemiBold.ttf */ = {isa = PBXFileReference; lastKnownFileType = file; path = "OpenSans-SemiBold.ttf"; sourceTree = "<group>"; };
		72680B6126BC971D00445062 /* StarScoreView.xib */ = {isa = PBXFileReference; lastKnownFileType = file.xib; path = StarScoreView.xib; sourceTree = "<group>"; };
		72680B6926BC973F00445062 /* StarScoreView.swift */ = {isa = PBXFileReference; lastKnownFileType = sourcecode.swift; path = StarScoreView.swift; sourceTree = "<group>"; };
		7282723B26BED8A30025304B /* ImageDownloader.swift */ = {isa = PBXFileReference; lastKnownFileType = sourcecode.swift; path = ImageDownloader.swift; sourceTree = "<group>"; };
		7282724326BEE99E0025304B /* Main.storyboard */ = {isa = PBXFileReference; lastKnownFileType = file.storyboard; path = Main.storyboard; sourceTree = "<group>"; };
		7282725726BEF9B20025304B /* MainViewController.swift */ = {isa = PBXFileReference; lastKnownFileType = sourcecode.swift; path = MainViewController.swift; sourceTree = "<group>"; };
		7282726626BF415F0025304B /* CoverCell.xib */ = {isa = PBXFileReference; lastKnownFileType = file.xib; path = CoverCell.xib; sourceTree = "<group>"; };
		7282727126BF47A00025304B /* UIImage+FromLayer.swift */ = {isa = PBXFileReference; lastKnownFileType = sourcecode.swift; path = "UIImage+FromLayer.swift"; sourceTree = "<group>"; };
		7282727926BF4F910025304B /* CoverCell.swift */ = {isa = PBXFileReference; lastKnownFileType = sourcecode.swift; path = CoverCell.swift; sourceTree = "<group>"; };
		7282728226C01A4E0025304B /* PhotosCell.xib */ = {isa = PBXFileReference; lastKnownFileType = file.xib; path = PhotosCell.xib; sourceTree = "<group>"; };
		7282728726C01A5C0025304B /* PhotosCell.swift */ = {isa = PBXFileReference; lastKnownFileType = sourcecode.swift; path = PhotosCell.swift; sourceTree = "<group>"; };
		7282728C26C01AA20025304B /* AboutCell.swift */ = {isa = PBXFileReference; lastKnownFileType = sourcecode.swift; path = AboutCell.swift; sourceTree = "<group>"; };
		7282729126C01ABA0025304B /* AboutCell.xib */ = {isa = PBXFileReference; lastKnownFileType = file.xib; path = AboutCell.xib; sourceTree = "<group>"; };
		7282729626C01AEF0025304B /* ReviewsCell.xib */ = {isa = PBXFileReference; lastKnownFileType = file.xib; path = ReviewsCell.xib; sourceTree = "<group>"; };
		7282729B26C01B190025304B /* ReviewsCell.swift */ = {isa = PBXFileReference; lastKnownFileType = sourcecode.swift; path = ReviewsCell.swift; sourceTree = "<group>"; };
		728272A026C01B4D0025304B /* MoreCell.swift */ = {isa = PBXFileReference; lastKnownFileType = sourcecode.swift; path = MoreCell.swift; sourceTree = "<group>"; };
		728272A526C01B720025304B /* MoreCell.xib */ = {isa = PBXFileReference; lastKnownFileType = file.xib; path = MoreCell.xib; sourceTree = "<group>"; };
		728272AE26C03EF80025304B /* BigStarScoreView.swift */ = {isa = PBXFileReference; lastKnownFileType = sourcecode.swift; path = BigStarScoreView.swift; sourceTree = "<group>"; };
		728272B326C03F120025304B /* BigStarScoreView.xib */ = {isa = PBXFileReference; lastKnownFileType = file.xib; path = BigStarScoreView.xib; sourceTree = "<group>"; };
		72B7101D26C089B6002A4F09 /* PhotoCell.xib */ = {isa = PBXFileReference; lastKnownFileType = file.xib; path = PhotoCell.xib; sourceTree = "<group>"; };
		72B7102226C089F4002A4F09 /* PhotoCell.swift */ = {isa = PBXFileReference; lastKnownFileType = sourcecode.swift; path = PhotoCell.swift; sourceTree = "<group>"; };
		72B7102826C0AC7E002A4F09 /* ScheduleCell.swift */ = {isa = PBXFileReference; lastKnownFileType = sourcecode.swift; path = ScheduleCell.swift; sourceTree = "<group>"; };
		72B7103126C0ACAA002A4F09 /* PhoneCell.swift */ = {isa = PBXFileReference; lastKnownFileType = sourcecode.swift; path = PhoneCell.swift; sourceTree = "<group>"; };
		72B7103A26C0ACC9002A4F09 /* AddressCell.swift */ = {isa = PBXFileReference; lastKnownFileType = sourcecode.swift; path = AddressCell.swift; sourceTree = "<group>"; };
		72B7104526C0AD1E002A4F09 /* ScheduleCell.xib */ = {isa = PBXFileReference; lastKnownFileType = file.xib; path = ScheduleCell.xib; sourceTree = "<group>"; };
		72B7104A26C0ADA5002A4F09 /* PhoneCell.xib */ = {isa = PBXFileReference; lastKnownFileType = file.xib; path = PhoneCell.xib; sourceTree = "<group>"; };
		72B7104F26C0ADC3002A4F09 /* AddressCell.xib */ = {isa = PBXFileReference; lastKnownFileType = file.xib; path = AddressCell.xib; sourceTree = "<group>"; };
		72B7105526C0B82C002A4F09 /* en */ = {isa = PBXFileReference; lastKnownFileType = text.plist.strings; name = en; path = en.lproj/Localizable.strings; sourceTree = "<group>"; };
		72B7105A26C0B84C002A4F09 /* pt-BR */ = {isa = PBXFileReference; lastKnownFileType = text.plist.strings; name = "pt-BR"; path = "pt-BR.lproj/Localizable.strings"; sourceTree = "<group>"; };
		72B7105E26C0BE3B002A4F09 /* Weekday.swift */ = {isa = PBXFileReference; lastKnownFileType = sourcecode.swift; path = Weekday.swift; sourceTree = "<group>"; };
/* End PBXFileReference section */

/* Begin PBXFrameworksBuildPhase section */
		7261CB3726B8A0F000A8E944 /* Frameworks */ = {
			isa = PBXFrameworksBuildPhase;
			buildActionMask = 2147483647;
			files = (
			);
			runOnlyForDeploymentPostprocessing = 0;
		};
		7261CB4D26B8A0F500A8E944 /* Frameworks */ = {
			isa = PBXFrameworksBuildPhase;
			buildActionMask = 2147483647;
			files = (
			);
			runOnlyForDeploymentPostprocessing = 0;
		};
		7261CB5826B8A0F500A8E944 /* Frameworks */ = {
			isa = PBXFrameworksBuildPhase;
			buildActionMask = 2147483647;
			files = (
			);
			runOnlyForDeploymentPostprocessing = 0;
		};
/* End PBXFrameworksBuildPhase section */

/* Begin PBXGroup section */
		7261CB3126B8A0F000A8E944 = {
			isa = PBXGroup;
			children = (
				7261CB3C26B8A0F000A8E944 /* Mobile App */,
				7261CB5326B8A0F500A8E944 /* Mobile AppTests */,
				7261CB5E26B8A0F500A8E944 /* Mobile AppUITests */,
				7261CB3B26B8A0F000A8E944 /* Products */,
			);
			sourceTree = "<group>";
		};
		7261CB3B26B8A0F000A8E944 /* Products */ = {
			isa = PBXGroup;
			children = (
				7261CB3A26B8A0F000A8E944 /* Mobile App.app */,
				7261CB5026B8A0F500A8E944 /* Mobile AppTests.xctest */,
				7261CB5B26B8A0F500A8E944 /* Mobile AppUITests.xctest */,
			);
			name = Products;
			sourceTree = "<group>";
		};
		7261CB3C26B8A0F000A8E944 /* Mobile App */ = {
			isa = PBXGroup;
			children = (
				7261CB4B26B8A0F400A8E944 /* Info.plist */,
				7282724326BEE99E0025304B /* Main.storyboard */,
				72B7105626C0B82C002A4F09 /* Localizable.strings */,
				7261CB3D26B8A0F000A8E944 /* AppDelegate.swift */,
				7282725726BEF9B20025304B /* MainViewController.swift */,
				7261CB4626B8A0F400A8E944 /* Assets.xcassets */,
				72680B0F26BC4F5300445062 /* CustomViews */,
				7261CB7F26B96E1800A8E944 /* DetailScreen */,
				72680AEF26BC3B7C00445062 /* Extensions */,
				72680B4826BC950700445062 /* Fonts */,
				7261CB7E26B96E0A00A8E944 /* HomeScreen */,
				7261CB4826B8A0F400A8E944 /* LaunchScreen.storyboard */,
				7261CB9B26B9713500A8E944 /* Models */,
				7261CB8A26B96FD500A8E944 /* Networking */,
			);
			path = "Mobile App";
			sourceTree = "<group>";
		};
		7261CB5326B8A0F500A8E944 /* Mobile AppTests */ = {
			isa = PBXGroup;
			children = (
				7261CB5426B8A0F500A8E944 /* Mobile_AppTests.swift */,
				7261CB5626B8A0F500A8E944 /* Info.plist */,
			);
			path = "Mobile AppTests";
			sourceTree = "<group>";
		};
		7261CB5E26B8A0F500A8E944 /* Mobile AppUITests */ = {
			isa = PBXGroup;
			children = (
				7261CB5F26B8A0F500A8E944 /* Mobile_AppUITests.swift */,
				7261CB6126B8A0F500A8E944 /* Info.plist */,
			);
			path = "Mobile AppUITests";
			sourceTree = "<group>";
		};
		7261CB7E26B96E0A00A8E944 /* HomeScreen */ = {
			isa = PBXGroup;
			children = (
				72680AB326BAD1DD00445062 /* HomeViewModel.swift */,
				72680ACD26BAE24000445062 /* Cells */,
				7261CB7926B96E0100A8E944 /* Home.storyboard */,
				7261CB8526B96FA800A8E944 /* HomeViewController.swift */,
				72680ABB26BAD4D900445062 /* HomeCollectionViewLayout.swift */,
			);
			path = HomeScreen;
			sourceTree = "<group>";
		};
		7261CB7F26B96E1800A8E944 /* DetailScreen */ = {
			isa = PBXGroup;
			children = (
				72680B1B26BC5A7100445062 /* DetailViewModel.swift */,
				72680B2B26BC612B00445062 /* DetailViewController.swift */,
				72680AE326BB689E00445062 /* Cells */,
				7261CB8026B96E2900A8E944 /* Detail.storyboard */,
			);
			path = DetailScreen;
			sourceTree = "<group>";
		};
		7261CB8A26B96FD500A8E944 /* Networking */ = {
			isa = PBXGroup;
			children = (
				7261CB9026B9702400A8E944 /* Location */,
				7282723B26BED8A30025304B /* ImageDownloader.swift */,
			);
			path = Networking;
			sourceTree = "<group>";
		};
		7261CB9026B9702400A8E944 /* Location */ = {
			isa = PBXGroup;
			children = (
				7261CB8B26B9701100A8E944 /* LocationAPI.swift */,
			);
			path = Location;
			sourceTree = "<group>";
		};
		7261CB9B26B9713500A8E944 /* Models */ = {
			isa = PBXGroup;
			children = (
				7261CB9126B9704900A8E944 /* LocationModel.swift */,
				7261CB9626B9708800A8E944 /* LocationDetailsModel.swift */,
				7261CBA726B996AD00A8E944 /* SchedulesModel.swift */,
				7261CBAC26B9974400A8E944 /* ScheduleModel.swift */,
				72B7105E26C0BE3B002A4F09 /* Weekday.swift */,
			);
			path = Models;
			sourceTree = "<group>";
		};
		72680ACD26BAE24000445062 /* Cells */ = {
			isa = PBXGroup;
			children = (
				72680AC826BAE23B00445062 /* LocationCell.swift */,
				72680AD426BAE2B200445062 /* LocationCell.xib */,
			);
			path = Cells;
			sourceTree = "<group>";
		};
		72680AE326BB689E00445062 /* Cells */ = {
			isa = PBXGroup;
			children = (
				72B7103926C0ACB8002A4F09 /* AddressCell */,
				72B7103026C0AC96002A4F09 /* PhoneCell */,
				72B7102726C0AC60002A4F09 /* ScheduleCell */,
				7282728126C01A340025304B /* MoreCell */,
				7282728026C01A290025304B /* ReviewsCell */,
				7282727F26C01A210025304B /* AboutCell */,
				7282727E26C01A180025304B /* PhotosCell */,
				7282726526BF414A0025304B /* CoverCell */,
				72680B0026BC4EED00445062 /* TitleCell */,
			);
			path = Cells;
			sourceTree = "<group>";
		};
		72680AEF26BC3B7C00445062 /* Extensions */ = {
			isa = PBXGroup;
			children = (
				72680AF026BC3B9800445062 /* UIImage+Color.swift */,
				7282727126BF47A00025304B /* UIImage+FromLayer.swift */,
			);
			path = Extensions;
			sourceTree = "<group>";
		};
		72680B0026BC4EED00445062 /* TitleCell */ = {
			isa = PBXGroup;
			children = (
				72680ADE26BB688D00445062 /* TitleCell.swift */,
				72680AE726BC28E500445062 /* TitleCell.xib */,
			);
			path = TitleCell;
			sourceTree = "<group>";
		};
		72680B0F26BC4F5300445062 /* CustomViews */ = {
			isa = PBXGroup;
			children = (
				728272AD26C03EDC0025304B /* BigStarScoreView */,
				72680B6026BC96FB00445062 /* StarScoreView */,
			);
			path = CustomViews;
			sourceTree = "<group>";
		};
		72680B4826BC950700445062 /* Fonts */ = {
			isa = PBXGroup;
			children = (
				72680B4C26BC952200445062 /* OpenSans-Bold.ttf */,
				72680B4926BC952100445062 /* OpenSans-BoldItalic.ttf */,
				72680B4E26BC952200445062 /* OpenSans-ExtraBold.ttf */,
				72680B4D26BC952200445062 /* OpenSans-ExtraBoldItalic.ttf */,
				72680B4A26BC952100445062 /* OpenSans-Italic.ttf */,
				72680B5026BC952300445062 /* OpenSans-Light.ttf */,
				72680B4F26BC952200445062 /* OpenSans-LightItalic.ttf */,
				72680B5126BC952300445062 /* OpenSans-Regular.ttf */,
				72680B5226BC952300445062 /* OpenSans-SemiBold.ttf */,
				72680B4B26BC952200445062 /* OpenSans-SemiBoldItalic.ttf */,
			);
			path = Fonts;
			sourceTree = "<group>";
		};
		72680B6026BC96FB00445062 /* StarScoreView */ = {
			isa = PBXGroup;
			children = (
				72680B6126BC971D00445062 /* StarScoreView.xib */,
				72680B6926BC973F00445062 /* StarScoreView.swift */,
			);
			path = StarScoreView;
			sourceTree = "<group>";
		};
		7282726526BF414A0025304B /* CoverCell */ = {
			isa = PBXGroup;
			children = (
				7282726626BF415F0025304B /* CoverCell.xib */,
				7282727926BF4F910025304B /* CoverCell.swift */,
			);
			path = CoverCell;
			sourceTree = "<group>";
		};
		7282727E26C01A180025304B /* PhotosCell */ = {
			isa = PBXGroup;
			children = (
				7282728226C01A4E0025304B /* PhotosCell.xib */,
				7282728726C01A5C0025304B /* PhotosCell.swift */,
				72B7101D26C089B6002A4F09 /* PhotoCell.xib */,
				72B7102226C089F4002A4F09 /* PhotoCell.swift */,
			);
			path = PhotosCell;
			sourceTree = "<group>";
		};
		7282727F26C01A210025304B /* AboutCell */ = {
			isa = PBXGroup;
			children = (
				7282728C26C01AA20025304B /* AboutCell.swift */,
				7282729126C01ABA0025304B /* AboutCell.xib */,
			);
			path = AboutCell;
			sourceTree = "<group>";
		};
		7282728026C01A290025304B /* ReviewsCell */ = {
			isa = PBXGroup;
			children = (
				7282729626C01AEF0025304B /* ReviewsCell.xib */,
				7282729B26C01B190025304B /* ReviewsCell.swift */,
			);
			path = ReviewsCell;
			sourceTree = "<group>";
		};
		7282728126C01A340025304B /* MoreCell */ = {
			isa = PBXGroup;
			children = (
				728272A026C01B4D0025304B /* MoreCell.swift */,
				728272A526C01B720025304B /* MoreCell.xib */,
			);
			path = MoreCell;
			sourceTree = "<group>";
		};
		728272AD26C03EDC0025304B /* BigStarScoreView */ = {
			isa = PBXGroup;
			children = (
				728272AE26C03EF80025304B /* BigStarScoreView.swift */,
				728272B326C03F120025304B /* BigStarScoreView.xib */,
			);
			path = BigStarScoreView;
			sourceTree = "<group>";
		};
		72B7102726C0AC60002A4F09 /* ScheduleCell */ = {
			isa = PBXGroup;
			children = (
				72B7102826C0AC7E002A4F09 /* ScheduleCell.swift */,
				72B7104526C0AD1E002A4F09 /* ScheduleCell.xib */,
			);
			path = ScheduleCell;
			sourceTree = "<group>";
		};
		72B7103026C0AC96002A4F09 /* PhoneCell */ = {
			isa = PBXGroup;
			children = (
				72B7103126C0ACAA002A4F09 /* PhoneCell.swift */,
				72B7104A26C0ADA5002A4F09 /* PhoneCell.xib */,
			);
			path = PhoneCell;
			sourceTree = "<group>";
		};
		72B7103926C0ACB8002A4F09 /* AddressCell */ = {
			isa = PBXGroup;
			children = (
				72B7103A26C0ACC9002A4F09 /* AddressCell.swift */,
				72B7104F26C0ADC3002A4F09 /* AddressCell.xib */,
			);
			path = AddressCell;
			sourceTree = "<group>";
		};
/* End PBXGroup section */

/* Begin PBXNativeTarget section */
		7261CB3926B8A0F000A8E944 /* Mobile App */ = {
			isa = PBXNativeTarget;
			buildConfigurationList = 7261CB6426B8A0F500A8E944 /* Build configuration list for PBXNativeTarget "Mobile App" */;
			buildPhases = (
				7261CB3626B8A0F000A8E944 /* Sources */,
				7261CB3726B8A0F000A8E944 /* Frameworks */,
				7261CB3826B8A0F000A8E944 /* Resources */,
				72680A9D26B9CE2C00445062 /* Swift Lint */,
			);
			buildRules = (
			);
			dependencies = (
			);
			name = "Mobile App";
			packageProductDependencies = (
			);
			productName = "Mobile App";
			productReference = 7261CB3A26B8A0F000A8E944 /* Mobile App.app */;
			productType = "com.apple.product-type.application";
		};
		7261CB4F26B8A0F500A8E944 /* Mobile AppTests */ = {
			isa = PBXNativeTarget;
			buildConfigurationList = 7261CB6726B8A0F500A8E944 /* Build configuration list for PBXNativeTarget "Mobile AppTests" */;
			buildPhases = (
				7261CB4C26B8A0F500A8E944 /* Sources */,
				7261CB4D26B8A0F500A8E944 /* Frameworks */,
				7261CB4E26B8A0F500A8E944 /* Resources */,
			);
			buildRules = (
			);
			dependencies = (
				7261CB5226B8A0F500A8E944 /* PBXTargetDependency */,
			);
			name = "Mobile AppTests";
			productName = "Mobile AppTests";
			productReference = 7261CB5026B8A0F500A8E944 /* Mobile AppTests.xctest */;
			productType = "com.apple.product-type.bundle.unit-test";
		};
		7261CB5A26B8A0F500A8E944 /* Mobile AppUITests */ = {
			isa = PBXNativeTarget;
			buildConfigurationList = 7261CB6A26B8A0F500A8E944 /* Build configuration list for PBXNativeTarget "Mobile AppUITests" */;
			buildPhases = (
				7261CB5726B8A0F500A8E944 /* Sources */,
				7261CB5826B8A0F500A8E944 /* Frameworks */,
				7261CB5926B8A0F500A8E944 /* Resources */,
			);
			buildRules = (
			);
			dependencies = (
				7261CB5D26B8A0F500A8E944 /* PBXTargetDependency */,
			);
			name = "Mobile AppUITests";
			productName = "Mobile AppUITests";
			productReference = 7261CB5B26B8A0F500A8E944 /* Mobile AppUITests.xctest */;
			productType = "com.apple.product-type.bundle.ui-testing";
		};
/* End PBXNativeTarget section */

/* Begin PBXProject section */
		7261CB3226B8A0F000A8E944 /* Project object */ = {
			isa = PBXProject;
			attributes = {
				LastSwiftUpdateCheck = 1240;
				LastUpgradeCheck = 1240;
				TargetAttributes = {
					7261CB3926B8A0F000A8E944 = {
						CreatedOnToolsVersion = 12.4;
					};
					7261CB4F26B8A0F500A8E944 = {
						CreatedOnToolsVersion = 12.4;
						TestTargetID = 7261CB3926B8A0F000A8E944;
					};
					7261CB5A26B8A0F500A8E944 = {
						CreatedOnToolsVersion = 12.4;
						TestTargetID = 7261CB3926B8A0F000A8E944;
					};
				};
			};
			buildConfigurationList = 7261CB3526B8A0F000A8E944 /* Build configuration list for PBXProject "Mobile App" */;
			compatibilityVersion = "Xcode 9.3";
			developmentRegion = en;
			hasScannedForEncodings = 0;
			knownRegions = (
				en,
				Base,
				"pt-BR",
			);
			mainGroup = 7261CB3126B8A0F000A8E944;
			packageReferences = (
			);
			productRefGroup = 7261CB3B26B8A0F000A8E944 /* Products */;
			projectDirPath = "";
			projectRoot = "";
			targets = (
				7261CB3926B8A0F000A8E944 /* Mobile App */,
				7261CB4F26B8A0F500A8E944 /* Mobile AppTests */,
				7261CB5A26B8A0F500A8E944 /* Mobile AppUITests */,
			);
		};
/* End PBXProject section */

/* Begin PBXResourcesBuildPhase section */
		7261CB3826B8A0F000A8E944 /* Resources */ = {
			isa = PBXResourcesBuildPhase;
			buildActionMask = 2147483647;
			files = (
				72B7104B26C0ADA5002A4F09 /* PhoneCell.xib in Resources */,
				7282724426BEE99E0025304B /* Main.storyboard in Resources */,
				7261CB7A26B96E0100A8E944 /* Home.storyboard in Resources */,
				728272B426C03F120025304B /* BigStarScoreView.xib in Resources */,
				7261CB4A26B8A0F400A8E944 /* LaunchScreen.storyboard in Resources */,
				72680B5626BC952300445062 /* OpenSans-Bold.ttf in Resources */,
				7261CB4726B8A0F400A8E944 /* Assets.xcassets in Resources */,
				7282726726BF415F0025304B /* CoverCell.xib in Resources */,
				72680B5426BC952300445062 /* OpenSans-Italic.ttf in Resources */,
				7282728326C01A4E0025304B /* PhotosCell.xib in Resources */,
				72680AD526BAE2B300445062 /* LocationCell.xib in Resources */,
				72B7105426C0B82C002A4F09 /* Localizable.strings in Resources */,
				72680B5326BC952300445062 /* OpenSans-BoldItalic.ttf in Resources */,
				7282729226C01ABA0025304B /* AboutCell.xib in Resources */,
				72680B5826BC952300445062 /* OpenSans-ExtraBold.ttf in Resources */,
				72B7101E26C089B6002A4F09 /* PhotoCell.xib in Resources */,
				72680B5C26BC952300445062 /* OpenSans-SemiBold.ttf in Resources */,
				72680B5A26BC952300445062 /* OpenSans-Light.ttf in Resources */,
				72680B5726BC952300445062 /* OpenSans-ExtraBoldItalic.ttf in Resources */,
				728272A626C01B720025304B /* MoreCell.xib in Resources */,
				72680B6226BC971D00445062 /* StarScoreView.xib in Resources */,
				72B7104626C0AD1E002A4F09 /* ScheduleCell.xib in Resources */,
				72680B5526BC952300445062 /* OpenSans-SemiBoldItalic.ttf in Resources */,
				72680AE826BC28E500445062 /* TitleCell.xib in Resources */,
				7282729726C01AEF0025304B /* ReviewsCell.xib in Resources */,
				72680B5B26BC952300445062 /* OpenSans-Regular.ttf in Resources */,
				7261CB8126B96E2900A8E944 /* Detail.storyboard in Resources */,
				72B7105026C0ADC3002A4F09 /* AddressCell.xib in Resources */,
				72680B5926BC952300445062 /* OpenSans-LightItalic.ttf in Resources */,
			);
			runOnlyForDeploymentPostprocessing = 0;
		};
		7261CB4E26B8A0F500A8E944 /* Resources */ = {
			isa = PBXResourcesBuildPhase;
			buildActionMask = 2147483647;
			files = (
			);
			runOnlyForDeploymentPostprocessing = 0;
		};
		7261CB5926B8A0F500A8E944 /* Resources */ = {
			isa = PBXResourcesBuildPhase;
			buildActionMask = 2147483647;
			files = (
			);
			runOnlyForDeploymentPostprocessing = 0;
		};
/* End PBXResourcesBuildPhase section */

/* Begin PBXShellScriptBuildPhase section */
		72680A9D26B9CE2C00445062 /* Swift Lint */ = {
			isa = PBXShellScriptBuildPhase;
			buildActionMask = 2147483647;
			files = (
			);
			inputFileListPaths = (
			);
			inputPaths = (
			);
			name = "Swift Lint";
			outputFileListPaths = (
			);
			outputPaths = (
			);
			runOnlyForDeploymentPostprocessing = 0;
			shellPath = /bin/sh;
			shellScript = "if which swiftlint >/dev/null; then\n  swiftlint\nelse\n  echo \"warning: SwiftLint not installed, download from https://github.com/realm/SwiftLint\"\nfi\n";
		};
/* End PBXShellScriptBuildPhase section */

/* Begin PBXSourcesBuildPhase section */
		7261CB3626B8A0F000A8E944 /* Sources */ = {
			isa = PBXSourcesBuildPhase;
			buildActionMask = 2147483647;
			files = (
				7261CBA826B996AD00A8E944 /* SchedulesModel.swift in Sources */,
				72B7102326C089F4002A4F09 /* PhotoCell.swift in Sources */,
				728272AF26C03EF80025304B /* BigStarScoreView.swift in Sources */,
				72680B2C26BC612B00445062 /* DetailViewController.swift in Sources */,
				72680ABC26BAD4D900445062 /* HomeCollectionViewLayout.swift in Sources */,
				72680ADF26BB688E00445062 /* TitleCell.swift in Sources */,
				72680AB426BAD1DD00445062 /* HomeViewModel.swift in Sources */,
				7282729C26C01B190025304B /* ReviewsCell.swift in Sources */,
				72680AF126BC3B9800445062 /* UIImage+Color.swift in Sources */,
				7261CB3E26B8A0F000A8E944 /* AppDelegate.swift in Sources */,
				7282727226BF47A00025304B /* UIImage+FromLayer.swift in Sources */,
				72B7103226C0ACAA002A4F09 /* PhoneCell.swift in Sources */,
				7282728826C01A5C0025304B /* PhotosCell.swift in Sources */,
				72B7105F26C0BE3B002A4F09 /* Weekday.swift in Sources */,
				7282725826BEF9B20025304B /* MainViewController.swift in Sources */,
				7282727A26BF4F910025304B /* CoverCell.swift in Sources */,
				7261CBAD26B9974400A8E944 /* ScheduleModel.swift in Sources */,
				7261CB9726B9708800A8E944 /* LocationDetailsModel.swift in Sources */,
				72B7102926C0AC7E002A4F09 /* ScheduleCell.swift in Sources */,
				72680AC926BAE23B00445062 /* LocationCell.swift in Sources */,
				728272A126C01B4D0025304B /* MoreCell.swift in Sources */,
				7261CB9226B9704900A8E944 /* LocationModel.swift in Sources */,
				7261CB8626B96FA800A8E944 /* HomeViewController.swift in Sources */,
				72B7103B26C0ACC9002A4F09 /* AddressCell.swift in Sources */,
				7261CB8C26B9701100A8E944 /* LocationAPI.swift in Sources */,
				72680B1C26BC5A7100445062 /* DetailViewModel.swift in Sources */,
				7282723C26BED8A30025304B /* ImageDownloader.swift in Sources */,
				72680B6A26BC973F00445062 /* StarScoreView.swift in Sources */,
				7282728D26C01AA20025304B /* AboutCell.swift in Sources */,
			);
			runOnlyForDeploymentPostprocessing = 0;
		};
		7261CB4C26B8A0F500A8E944 /* Sources */ = {
			isa = PBXSourcesBuildPhase;
			buildActionMask = 2147483647;
			files = (
				7261CB5526B8A0F500A8E944 /* Mobile_AppTests.swift in Sources */,
			);
			runOnlyForDeploymentPostprocessing = 0;
		};
		7261CB5726B8A0F500A8E944 /* Sources */ = {
			isa = PBXSourcesBuildPhase;
			buildActionMask = 2147483647;
			files = (
				7261CB6026B8A0F500A8E944 /* Mobile_AppUITests.swift in Sources */,
			);
			runOnlyForDeploymentPostprocessing = 0;
		};
/* End PBXSourcesBuildPhase section */

/* Begin PBXTargetDependency section */
		7261CB5226B8A0F500A8E944 /* PBXTargetDependency */ = {
			isa = PBXTargetDependency;
			target = 7261CB3926B8A0F000A8E944 /* Mobile App */;
			targetProxy = 7261CB5126B8A0F500A8E944 /* PBXContainerItemProxy */;
		};
		7261CB5D26B8A0F500A8E944 /* PBXTargetDependency */ = {
			isa = PBXTargetDependency;
			target = 7261CB3926B8A0F000A8E944 /* Mobile App */;
			targetProxy = 7261CB5C26B8A0F500A8E944 /* PBXContainerItemProxy */;
		};
/* End PBXTargetDependency section */

/* Begin PBXVariantGroup section */
		7261CB4826B8A0F400A8E944 /* LaunchScreen.storyboard */ = {
			isa = PBXVariantGroup;
			children = (
				7261CB4926B8A0F400A8E944 /* Base */,
			);
			name = LaunchScreen.storyboard;
			sourceTree = "<group>";
		};
		72B7105626C0B82C002A4F09 /* Localizable.strings */ = {
			isa = PBXVariantGroup;
			children = (
				72B7105526C0B82C002A4F09 /* en */,
				72B7105A26C0B84C002A4F09 /* pt-BR */,
			);
			name = Localizable.strings;
			sourceTree = "<group>";
		};
/* End PBXVariantGroup section */

/* Begin XCBuildConfiguration section */
		7261CB6226B8A0F500A8E944 /* Debug */ = {
			isa = XCBuildConfiguration;
			buildSettings = {
				ALWAYS_SEARCH_USER_PATHS = NO;
				CLANG_ANALYZER_LOCALIZABILITY_NONLOCALIZED = YES;
				CLANG_ANALYZER_NONNULL = YES;
				CLANG_ANALYZER_NUMBER_OBJECT_CONVERSION = YES_AGGRESSIVE;
				CLANG_CXX_LANGUAGE_STANDARD = "gnu++14";
				CLANG_CXX_LIBRARY = "libc++";
				CLANG_ENABLE_MODULES = YES;
				CLANG_ENABLE_OBJC_ARC = YES;
				CLANG_ENABLE_OBJC_WEAK = YES;
				CLANG_WARN_BLOCK_CAPTURE_AUTORELEASING = YES;
				CLANG_WARN_BOOL_CONVERSION = YES;
				CLANG_WARN_COMMA = YES;
				CLANG_WARN_CONSTANT_CONVERSION = YES;
				CLANG_WARN_DEPRECATED_OBJC_IMPLEMENTATIONS = YES;
				CLANG_WARN_DIRECT_OBJC_ISA_USAGE = YES_ERROR;
				CLANG_WARN_DOCUMENTATION_COMMENTS = YES;
				CLANG_WARN_EMPTY_BODY = YES;
				CLANG_WARN_ENUM_CONVERSION = YES;
				CLANG_WARN_INFINITE_RECURSION = YES;
				CLANG_WARN_INT_CONVERSION = YES;
				CLANG_WARN_NON_LITERAL_NULL_CONVERSION = YES;
				CLANG_WARN_OBJC_IMPLICIT_RETAIN_SELF = YES;
				CLANG_WARN_OBJC_LITERAL_CONVERSION = YES;
				CLANG_WARN_OBJC_ROOT_CLASS = YES_ERROR;
				CLANG_WARN_QUOTED_INCLUDE_IN_FRAMEWORK_HEADER = YES;
				CLANG_WARN_RANGE_LOOP_ANALYSIS = YES;
				CLANG_WARN_STRICT_PROTOTYPES = YES;
				CLANG_WARN_SUSPICIOUS_MOVE = YES;
				CLANG_WARN_UNGUARDED_AVAILABILITY = YES_AGGRESSIVE;
				CLANG_WARN_UNREACHABLE_CODE = YES;
				CLANG_WARN__DUPLICATE_METHOD_MATCH = YES;
				COPY_PHASE_STRIP = NO;
				DEBUG_INFORMATION_FORMAT = dwarf;
				ENABLE_STRICT_OBJC_MSGSEND = YES;
				ENABLE_TESTABILITY = YES;
				GCC_C_LANGUAGE_STANDARD = gnu11;
				GCC_DYNAMIC_NO_PIC = NO;
				GCC_NO_COMMON_BLOCKS = YES;
				GCC_OPTIMIZATION_LEVEL = 0;
				GCC_PREPROCESSOR_DEFINITIONS = (
					"DEBUG=1",
					"$(inherited)",
				);
				GCC_WARN_64_TO_32_BIT_CONVERSION = YES;
				GCC_WARN_ABOUT_RETURN_TYPE = YES_ERROR;
				GCC_WARN_UNDECLARED_SELECTOR = YES;
				GCC_WARN_UNINITIALIZED_AUTOS = YES_AGGRESSIVE;
				GCC_WARN_UNUSED_FUNCTION = YES;
				GCC_WARN_UNUSED_VARIABLE = YES;
				IPHONEOS_DEPLOYMENT_TARGET = 11.0;
				MTL_ENABLE_DEBUG_INFO = INCLUDE_SOURCE;
				MTL_FAST_MATH = YES;
				ONLY_ACTIVE_ARCH = YES;
				SDKROOT = iphoneos;
				SWIFT_ACTIVE_COMPILATION_CONDITIONS = DEBUG;
				SWIFT_OPTIMIZATION_LEVEL = "-Onone";
			};
			name = Debug;
		};
		7261CB6326B8A0F500A8E944 /* Release */ = {
			isa = XCBuildConfiguration;
			buildSettings = {
				ALWAYS_SEARCH_USER_PATHS = NO;
				CLANG_ANALYZER_LOCALIZABILITY_NONLOCALIZED = YES;
				CLANG_ANALYZER_NONNULL = YES;
				CLANG_ANALYZER_NUMBER_OBJECT_CONVERSION = YES_AGGRESSIVE;
				CLANG_CXX_LANGUAGE_STANDARD = "gnu++14";
				CLANG_CXX_LIBRARY = "libc++";
				CLANG_ENABLE_MODULES = YES;
				CLANG_ENABLE_OBJC_ARC = YES;
				CLANG_ENABLE_OBJC_WEAK = YES;
				CLANG_WARN_BLOCK_CAPTURE_AUTORELEASING = YES;
				CLANG_WARN_BOOL_CONVERSION = YES;
				CLANG_WARN_COMMA = YES;
				CLANG_WARN_CONSTANT_CONVERSION = YES;
				CLANG_WARN_DEPRECATED_OBJC_IMPLEMENTATIONS = YES;
				CLANG_WARN_DIRECT_OBJC_ISA_USAGE = YES_ERROR;
				CLANG_WARN_DOCUMENTATION_COMMENTS = YES;
				CLANG_WARN_EMPTY_BODY = YES;
				CLANG_WARN_ENUM_CONVERSION = YES;
				CLANG_WARN_INFINITE_RECURSION = YES;
				CLANG_WARN_INT_CONVERSION = YES;
				CLANG_WARN_NON_LITERAL_NULL_CONVERSION = YES;
				CLANG_WARN_OBJC_IMPLICIT_RETAIN_SELF = YES;
				CLANG_WARN_OBJC_LITERAL_CONVERSION = YES;
				CLANG_WARN_OBJC_ROOT_CLASS = YES_ERROR;
				CLANG_WARN_QUOTED_INCLUDE_IN_FRAMEWORK_HEADER = YES;
				CLANG_WARN_RANGE_LOOP_ANALYSIS = YES;
				CLANG_WARN_STRICT_PROTOTYPES = YES;
				CLANG_WARN_SUSPICIOUS_MOVE = YES;
				CLANG_WARN_UNGUARDED_AVAILABILITY = YES_AGGRESSIVE;
				CLANG_WARN_UNREACHABLE_CODE = YES;
				CLANG_WARN__DUPLICATE_METHOD_MATCH = YES;
				COPY_PHASE_STRIP = NO;
				DEBUG_INFORMATION_FORMAT = "dwarf-with-dsym";
				ENABLE_NS_ASSERTIONS = NO;
				ENABLE_STRICT_OBJC_MSGSEND = YES;
				GCC_C_LANGUAGE_STANDARD = gnu11;
				GCC_NO_COMMON_BLOCKS = YES;
				GCC_WARN_64_TO_32_BIT_CONVERSION = YES;
				GCC_WARN_ABOUT_RETURN_TYPE = YES_ERROR;
				GCC_WARN_UNDECLARED_SELECTOR = YES;
				GCC_WARN_UNINITIALIZED_AUTOS = YES_AGGRESSIVE;
				GCC_WARN_UNUSED_FUNCTION = YES;
				GCC_WARN_UNUSED_VARIABLE = YES;
				IPHONEOS_DEPLOYMENT_TARGET = 11.0;
				MTL_ENABLE_DEBUG_INFO = NO;
				MTL_FAST_MATH = YES;
				SDKROOT = iphoneos;
				SWIFT_COMPILATION_MODE = wholemodule;
				SWIFT_OPTIMIZATION_LEVEL = "-O";
				VALIDATE_PRODUCT = YES;
			};
			name = Release;
		};
		7261CB6526B8A0F500A8E944 /* Debug */ = {
			isa = XCBuildConfiguration;
			buildSettings = {
				ASSETCATALOG_COMPILER_APPICON_NAME = AppIcon;
				ASSETCATALOG_COMPILER_GLOBAL_ACCENT_COLOR_NAME = AccentColor;
				CODE_SIGN_STYLE = Automatic;
				DEVELOPMENT_TEAM = L6SDQH9836;
				INFOPLIST_FILE = "Mobile App/Info.plist";
				IPHONEOS_DEPLOYMENT_TARGET = 11.0;
				LD_RUNPATH_SEARCH_PATHS = (
					"$(inherited)",
					"@executable_path/Frameworks",
				);
				PRODUCT_BUNDLE_IDENTIFIER = "com.flaviohaueisen.Mobile-App";
				PRODUCT_NAME = "$(TARGET_NAME)";
				SWIFT_VERSION = 5.0;
				TARGETED_DEVICE_FAMILY = 1;
			};
			name = Debug;
		};
		7261CB6626B8A0F500A8E944 /* Release */ = {
			isa = XCBuildConfiguration;
			buildSettings = {
				ASSETCATALOG_COMPILER_APPICON_NAME = AppIcon;
				ASSETCATALOG_COMPILER_GLOBAL_ACCENT_COLOR_NAME = AccentColor;
				CODE_SIGN_STYLE = Automatic;
				DEVELOPMENT_TEAM = L6SDQH9836;
				INFOPLIST_FILE = "Mobile App/Info.plist";
				IPHONEOS_DEPLOYMENT_TARGET = 11.0;
				LD_RUNPATH_SEARCH_PATHS = (
					"$(inherited)",
					"@executable_path/Frameworks",
				);
				PRODUCT_BUNDLE_IDENTIFIER = "com.flaviohaueisen.Mobile-App";
				PRODUCT_NAME = "$(TARGET_NAME)";
				SWIFT_VERSION = 5.0;
				TARGETED_DEVICE_FAMILY = 1;
			};
			name = Release;
		};
		7261CB6826B8A0F500A8E944 /* Debug */ = {
			isa = XCBuildConfiguration;
			buildSettings = {
				ALWAYS_EMBED_SWIFT_STANDARD_LIBRARIES = YES;
				BUNDLE_LOADER = "$(TEST_HOST)";
				CODE_SIGN_STYLE = Automatic;
				DEVELOPMENT_TEAM = L6SDQH9836;
				INFOPLIST_FILE = "Mobile AppTests/Info.plist";
				IPHONEOS_DEPLOYMENT_TARGET = 14.4;
				LD_RUNPATH_SEARCH_PATHS = (
					"$(inherited)",
					"@executable_path/Frameworks",
					"@loader_path/Frameworks",
				);
				PRODUCT_BUNDLE_IDENTIFIER = "com.flaviohaueisen.Mobile-AppTests";
				PRODUCT_NAME = "$(TARGET_NAME)";
				SWIFT_VERSION = 5.0;
				TARGETED_DEVICE_FAMILY = "1,2";
				TEST_HOST = "$(BUILT_PRODUCTS_DIR)/Mobile App.app/Mobile App";
			};
			name = Debug;
		};
		7261CB6926B8A0F500A8E944 /* Release */ = {
			isa = XCBuildConfiguration;
			buildSettings = {
				ALWAYS_EMBED_SWIFT_STANDARD_LIBRARIES = YES;
				BUNDLE_LOADER = "$(TEST_HOST)";
				CODE_SIGN_STYLE = Automatic;
				DEVELOPMENT_TEAM = L6SDQH9836;
				INFOPLIST_FILE = "Mobile AppTests/Info.plist";
				IPHONEOS_DEPLOYMENT_TARGET = 14.4;
				LD_RUNPATH_SEARCH_PATHS = (
					"$(inherited)",
					"@executable_path/Frameworks",
					"@loader_path/Frameworks",
				);
				PRODUCT_BUNDLE_IDENTIFIER = "com.flaviohaueisen.Mobile-AppTests";
				PRODUCT_NAME = "$(TARGET_NAME)";
				SWIFT_VERSION = 5.0;
				TARGETED_DEVICE_FAMILY = "1,2";
				TEST_HOST = "$(BUILT_PRODUCTS_DIR)/Mobile App.app/Mobile App";
			};
			name = Release;
		};
		7261CB6B26B8A0F500A8E944 /* Debug */ = {
			isa = XCBuildConfiguration;
			buildSettings = {
				ALWAYS_EMBED_SWIFT_STANDARD_LIBRARIES = YES;
				CODE_SIGN_STYLE = Automatic;
				DEVELOPMENT_TEAM = L6SDQH9836;
				INFOPLIST_FILE = "Mobile AppUITests/Info.plist";
				LD_RUNPATH_SEARCH_PATHS = (
					"$(inherited)",
					"@executable_path/Frameworks",
					"@loader_path/Frameworks",
				);
				PRODUCT_BUNDLE_IDENTIFIER = "com.flaviohaueisen.Mobile-AppUITests";
				PRODUCT_NAME = "$(TARGET_NAME)";
				SWIFT_VERSION = 5.0;
				TARGETED_DEVICE_FAMILY = "1,2";
				TEST_TARGET_NAME = "Mobile App";
			};
			name = Debug;
		};
		7261CB6C26B8A0F500A8E944 /* Release */ = {
			isa = XCBuildConfiguration;
			buildSettings = {
				ALWAYS_EMBED_SWIFT_STANDARD_LIBRARIES = YES;
				CODE_SIGN_STYLE = Automatic;
				DEVELOPMENT_TEAM = L6SDQH9836;
				INFOPLIST_FILE = "Mobile AppUITests/Info.plist";
				LD_RUNPATH_SEARCH_PATHS = (
					"$(inherited)",
					"@executable_path/Frameworks",
					"@loader_path/Frameworks",
				);
				PRODUCT_BUNDLE_IDENTIFIER = "com.flaviohaueisen.Mobile-AppUITests";
				PRODUCT_NAME = "$(TARGET_NAME)";
				SWIFT_VERSION = 5.0;
				TARGETED_DEVICE_FAMILY = "1,2";
				TEST_TARGET_NAME = "Mobile App";
			};
			name = Release;
		};
/* End XCBuildConfiguration section */

/* Begin XCConfigurationList section */
		7261CB3526B8A0F000A8E944 /* Build configuration list for PBXProject "Mobile App" */ = {
			isa = XCConfigurationList;
			buildConfigurations = (
				7261CB6226B8A0F500A8E944 /* Debug */,
				7261CB6326B8A0F500A8E944 /* Release */,
			);
			defaultConfigurationIsVisible = 0;
			defaultConfigurationName = Release;
		};
		7261CB6426B8A0F500A8E944 /* Build configuration list for PBXNativeTarget "Mobile App" */ = {
			isa = XCConfigurationList;
			buildConfigurations = (
				7261CB6526B8A0F500A8E944 /* Debug */,
				7261CB6626B8A0F500A8E944 /* Release */,
			);
			defaultConfigurationIsVisible = 0;
			defaultConfigurationName = Release;
		};
		7261CB6726B8A0F500A8E944 /* Build configuration list for PBXNativeTarget "Mobile AppTests" */ = {
			isa = XCConfigurationList;
			buildConfigurations = (
				7261CB6826B8A0F500A8E944 /* Debug */,
				7261CB6926B8A0F500A8E944 /* Release */,
			);
			defaultConfigurationIsVisible = 0;
			defaultConfigurationName = Release;
		};
		7261CB6A26B8A0F500A8E944 /* Build configuration list for PBXNativeTarget "Mobile AppUITests" */ = {
			isa = XCConfigurationList;
			buildConfigurations = (
				7261CB6B26B8A0F500A8E944 /* Debug */,
				7261CB6C26B8A0F500A8E944 /* Release */,
			);
			defaultConfigurationIsVisible = 0;
			defaultConfigurationName = Release;
		};
/* End XCConfigurationList section */
	};
	rootObject = 7261CB3226B8A0F000A8E944 /* Project object */;
}
